# THIS IS AN AUTOGENERATED FILE. DO NOT EDIT THIS FILE DIRECTLY.
# yarn lockfile v1


"@babel/runtime@^7.12.5", "@babel/runtime@^7.5.5", "@babel/runtime@^7.6.2", "@babel/runtime@^7.7.2":
  "integrity" "sha512-xwII0//EObnq89Ji5AKYQaRYiW/nZ3llSv29d49IuxPhKbtJoLP+9QUUZ4nVragQVtaVGeZrpB+ZtG/Pdy/POw=="
  "resolved" "https://registry.npmjs.org/@babel/runtime/-/runtime-7.21.0.tgz"
  "version" "7.21.0"
  dependencies:
    "regenerator-runtime" "^0.13.11"

"@esbuild/win32-x64@0.17.15":
  "integrity" "sha512-DjDa9ywLUUmjhV2Y9wUTIF+1XsmuFGvZoCmOWkli1XcNAh5t25cc7fgsCx4Zi/Uurep3TTLyDiKATgGEg61pkA=="
  "resolved" "https://registry.npmjs.org/@esbuild/win32-x64/-/win32-x64-0.17.15.tgz"
  "version" "0.17.15"

"@headlessui/react@^1.4.2":
  "integrity" "sha512-9n+EQKRtD9266xIHXdY5MfiXPDfYwl7zBM7KOx2Ae3Gdgxy8QML1FkCMjq6AsOf0l6N9uvI4HcFtuFlenaldKg=="
  "resolved" "https://registry.npmjs.org/@headlessui/react/-/react-1.7.13.tgz"
  "version" "1.7.13"
  dependencies:
    "client-only" "^0.0.1"

"@inertiajs/core@1.0.2":
  "integrity" "sha512-IJryvuNBcOIEZqKaA1vsX++hroovrLfb4jezym/W6NqxpsacoOkCLqWFneiScTaa5IiU0Wv0Li3lCuxK7DwTEQ=="
  "resolved" "https://registry.npmjs.org/@inertiajs/core/-/core-1.0.2.tgz"
  "version" "1.0.2"
  dependencies:
    "axios" "^1.2.0"
    "deepmerge" "^4.0.0"
    "nprogress" "^0.2.0"
    "qs" "^6.9.0"

"@inertiajs/react@^1.0.0":
  "integrity" "sha512-CRoyc/SSWejddOb/E8cJPYZcSl0Jz2hex8se/G4hERx7OychZNsyx2k9JQxYt3wMPU0ih51qtqgiSLYMJWl8bA=="
  "resolved" "https://registry.npmjs.org/@inertiajs/react/-/react-1.0.2.tgz"
  "version" "1.0.2"
  dependencies:
    "@inertiajs/core" "1.0.2"
    "lodash.isequal" "^4.5.0"

"@nodelib/fs.scandir@2.1.5":
  "integrity" "sha512-vq24Bq3ym5HEQm2NKCr3yXDwjc7vTsEThRDnkp2DK9p1uqLR+DHurm/NOTo0KG7HYHU7eppKZj3MyqYuMBf62g=="
  "resolved" "https://registry.npmjs.org/@nodelib/fs.scandir/-/fs.scandir-2.1.5.tgz"
  "version" "2.1.5"
  dependencies:
    "@nodelib/fs.stat" "2.0.5"
    "run-parallel" "^1.1.9"

"@nodelib/fs.stat@^2.0.2", "@nodelib/fs.stat@2.0.5":
  "integrity" "sha512-RkhPPp2zrqDAQA/2jNhnztcPAlv64XdhIp7a7454A5ovI7Bukxgt7MX7udwAu3zg1DcpPU0rz3VV1SeaqvY4+A=="
  "resolved" "https://registry.npmjs.org/@nodelib/fs.stat/-/fs.stat-2.0.5.tgz"
  "version" "2.0.5"

"@nodelib/fs.walk@^1.2.3":
  "integrity" "sha512-oGB+UxlgWcgQkgwo8GcEGwemoTFt3FIO9ababBmaGwXIoBKZ+GTy0pP185beGg7Llih/NSHSV2XAs1lnznocSg=="
  "resolved" "https://registry.npmjs.org/@nodelib/fs.walk/-/fs.walk-1.2.8.tgz"
  "version" "1.2.8"
  dependencies:
    "@nodelib/fs.scandir" "2.1.5"
    "fastq" "^1.6.0"

"@remix-run/router@1.5.0":
  "integrity" "sha512-bkUDCp8o1MvFO+qxkODcbhSqRa6P2GXgrGZVpt0dCXNW2HCSCqYI0ZoAqEOSAjRWmmlKcYgFvN4B4S+zo/f8kg=="
  "resolved" "https://registry.npmjs.org/@remix-run/router/-/router-1.5.0.tgz"
  "version" "1.5.0"

"@swc/core-win32-x64-msvc@1.3.46":
  "integrity" "sha512-rrSAfq+DvpJioBxUsnuH+sKl0eXid1DwkwNzkVGHEreN9GoP7GospWtFq7VDcO6DrS/s3HtR4/TzoIYFEBCRIg=="
  "resolved" "https://registry.npmjs.org/@swc/core-win32-x64-msvc/-/core-win32-x64-msvc-1.3.46.tgz"
  "version" "1.3.46"

"@swc/core@^1.3.35":
  "integrity" "sha512-WxzgJMWUBVJ95HsvEqlWzM3Qxp2FQrPa4QdAkQQuuvCMnfdctGUbhX/c3LiSRlWrl2LIkYAi4bLansTOol4QcQ=="
  "resolved" "https://registry.npmjs.org/@swc/core/-/core-1.3.46.tgz"
  "version" "1.3.46"
  optionalDependencies:
    "@swc/core-darwin-arm64" "1.3.46"
    "@swc/core-darwin-x64" "1.3.46"
    "@swc/core-linux-arm-gnueabihf" "1.3.46"
    "@swc/core-linux-arm64-gnu" "1.3.46"
    "@swc/core-linux-arm64-musl" "1.3.46"
    "@swc/core-linux-x64-gnu" "1.3.46"
    "@swc/core-linux-x64-musl" "1.3.46"
    "@swc/core-win32-arm64-msvc" "1.3.46"
    "@swc/core-win32-ia32-msvc" "1.3.46"
    "@swc/core-win32-x64-msvc" "1.3.46"

"@swc/helpers@^0.5.0":
  "integrity" "sha512-SjY/p4MmECVVEWspzSRpQEM3sjR17sP8PbGxELWrT+YZMBfiUyt1MRUNjMV23zohwlG2HYtCQOsCwsTHguXkyg=="
  "resolved" "https://registry.npmjs.org/@swc/helpers/-/helpers-0.5.0.tgz"
  "version" "0.5.0"
  dependencies:
    "tslib" "^2.4.0"

"@tailwindcss/forms@^0.5.3":
  "integrity" "sha512-y5mb86JUoiUgBjY/o6FJSFZSEttfb3Q5gllE4xoKjAAD+vBrnIhE4dViwUuow3va8mpH4s9jyUbUbrRGoRdc2Q=="
  "resolved" "https://registry.npmjs.org/@tailwindcss/forms/-/forms-0.5.3.tgz"
  "version" "0.5.3"
  dependencies:
    "mini-svg-data-uri" "^1.2.3"

"@types/node@^18.15.11", "@types/node@>= 14":
  "integrity" "sha512-E5Kwq2n4SbMzQOn6wnmBjuK9ouqlURrcZDVfbo9ftDDTFt3nk7ZKK4GMOzoYgnpQJKcxwQw+lGaBvvlMo0qN/Q=="
  "resolved" "https://registry.npmjs.org/@types/node/-/node-18.15.11.tgz"
  "version" "18.15.11"

"@types/prop-types@*":
  "integrity" "sha512-JCB8C6SnDoQf0cNycqd/35A7MjcnK+ZTqE7judS6o7utxUCg6imJg3QK2qzHKszlTjcj2cn+NwMB2i96ubpj7w=="
  "resolved" "https://registry.npmjs.org/@types/prop-types/-/prop-types-15.7.5.tgz"
  "version" "15.7.5"

"@types/react-dom@^18.0.11":
  "integrity" "sha512-O38bPbI2CWtgw/OoQoY+BRelw7uysmXbWvw3nLWO21H1HSh+GOlqPuXshJfjmpNlKiiSDG9cc1JZAaMmVdcTlw=="
  "resolved" "https://registry.npmjs.org/@types/react-dom/-/react-dom-18.0.11.tgz"
  "version" "18.0.11"
  dependencies:
    "@types/react" "*"

"@types/react@*", "@types/react@^18.0.33":
  "integrity" "sha512-sHxzVxeanvQyQ1lr8NSHaj0kDzcNiGpILEVt69g9S31/7PfMvNCKLKcsHw4lYKjs3cGNJjXSP4mYzX43QlnjNA=="
  "resolved" "https://registry.npmjs.org/@types/react/-/react-18.0.33.tgz"
  "version" "18.0.33"
  dependencies:
    "@types/prop-types" "*"
    "@types/scheduler" "*"
    "csstype" "^3.0.2"

"@types/scheduler@*":
  "integrity" "sha512-5cJ8CB4yAx7BH1oMvdU0Jh9lrEXyPkar6F9G/ERswkCuvP4KQZfZkSjcMbAICCpQTN4OuZn8tz0HiKv9TGZgrQ=="
  "resolved" "https://registry.npmjs.org/@types/scheduler/-/scheduler-0.16.3.tgz"
  "version" "0.16.3"

"@vitejs/plugin-react-swc@^3.2.0":
  "integrity" "sha512-IcBoXL/mcH7JdQr/nfDlDwTdIaH8Rg7LpfQDF4nAht+juHWIuv6WhpKPCSfY4+zztAaB07qdBoFz1XCZsgo3pQ=="
  "resolved" "https://registry.npmjs.org/@vitejs/plugin-react-swc/-/plugin-react-swc-3.2.0.tgz"
  "version" "3.2.0"
  dependencies:
    "@swc/core" "^1.3.35"

"any-promise@^1.0.0":
  "integrity" "sha512-7UvmKalWRt1wgjL1RrGxoSJW/0QZFIegpeGvZG9kjp8vrRu55XTHbwnqq2GpXm9uLbcuhxm3IqX9OB4MZR1b2A=="
  "resolved" "https://registry.npmjs.org/any-promise/-/any-promise-1.3.0.tgz"
  "version" "1.3.0"

"anymatch@~3.1.2":
  "integrity" "sha512-KMReFUr0B4t+D+OBkjR3KYqvocp2XaSzO55UcB6mgQMd3KbcE+mWTyvVV7D/zsdEbNnV6acZUutkiHQXvTr1Rw=="
  "resolved" "https://registry.npmjs.org/anymatch/-/anymatch-3.1.3.tgz"
  "version" "3.1.3"
  dependencies:
    "normalize-path" "^3.0.0"
    "picomatch" "^2.0.4"

"arg@^5.0.2":
  "integrity" "sha512-PYjyFOLKQ9y57JvQ6QLo8dAgNqswh8M1RMJYdQduT6xbWSgK36P/Z/v+p888pM69jMMfS8Xd8F6I1kQ/I9HUGg=="
  "resolved" "https://registry.npmjs.org/arg/-/arg-5.0.2.tgz"
  "version" "5.0.2"

"asynckit@^0.4.0":
  "integrity" "sha512-Oei9OH4tRh0YqU3GxhX79dM/mwVgvbZJaSNaRk+bshkj0S5cfHcgYakreBjrHwatXKbz+IoIdYLxrKim2MjW0Q=="
  "resolved" "https://registry.npmjs.org/asynckit/-/asynckit-0.4.0.tgz"
  "version" "0.4.0"

"autoprefixer@^10.4.12":
  "integrity" "sha512-FQzyfOsTlwVzjHxKEqRIAdJx9niO6VCBCoEwax/VLSoQF29ggECcPuBqUMZ+u8jCZOPSy8b8/8KnuFbp0SaFZQ=="
  "resolved" "https://registry.npmjs.org/autoprefixer/-/autoprefixer-10.4.14.tgz"
  "version" "10.4.14"
  dependencies:
    "browserslist" "^4.21.5"
    "caniuse-lite" "^1.0.30001464"
    "fraction.js" "^4.2.0"
    "normalize-range" "^0.1.2"
    "picocolors" "^1.0.0"
    "postcss-value-parser" "^4.2.0"

"axios@^1.2.0", "axios@^1.3.5":
  "integrity" "sha512-glL/PvG/E+xCWwV8S6nCHcrfg1exGx7vxyUIivIA1iL7BIh6bePylCfVHwp6k13ao7SATxB6imau2kqY+I67kw=="
  "resolved" "https://registry.npmjs.org/axios/-/axios-1.3.5.tgz"
  "version" "1.3.5"
  dependencies:
    "follow-redirects" "^1.15.0"
    "form-data" "^4.0.0"
    "proxy-from-env" "^1.1.0"

"balanced-match@^1.0.0":
  "integrity" "sha512-3oSeUO0TMV67hN1AmbXsK4yaqU7tjiHlbxRDZOpH0KW9+CeX4bRAaX0Anxt0tx2MrpRpWwQaPwIlISEJhYU5Pw=="
  "resolved" "https://registry.npmjs.org/balanced-match/-/balanced-match-1.0.2.tgz"
  "version" "1.0.2"

"big-integer@^1.6.16":
  "integrity" "sha512-GPEid2Y9QU1Exl1rpO9B2IPJGHPSupF5GnVIP0blYvNOMer2bTvSWs1jGOUg04hTmu67nmLsQ9TBo1puaotBHg=="
  "resolved" "https://registry.npmjs.org/big-integer/-/big-integer-1.6.51.tgz"
  "version" "1.6.51"

"binary-extensions@^2.0.0":
  "integrity" "sha512-jDctJ/IVQbZoJykoeHbhXpOlNBqGNcwXJKJog42E5HDPUwQTSdjCHdihjj0DlnheQ7blbT6dHOafNAiS8ooQKA=="
  "resolved" "https://registry.npmjs.org/binary-extensions/-/binary-extensions-2.2.0.tgz"
  "version" "2.2.0"

"brace-expansion@^1.1.7":
  "integrity" "sha512-iCuPHDFgrHX7H2vEI/5xpz07zSHB00TpugqhmYtVmMO6518mCuRMoOYFldEBl0g187ufozdaHgWKcYFb61qGiA=="
  "resolved" "https://registry.npmjs.org/brace-expansion/-/brace-expansion-1.1.11.tgz"
  "version" "1.1.11"
  dependencies:
    "balanced-match" "^1.0.0"
    "concat-map" "0.0.1"

"braces@^3.0.2", "braces@~3.0.2":
  "integrity" "sha512-b8um+L1RzM3WDSzvhm6gIz1yfTbBt6YTlcEKAvsmqCZZFw46z626lVj9j1yEPW33H5H+lBQpZMP1k8l+78Ha0A=="
  "resolved" "https://registry.npmjs.org/braces/-/braces-3.0.2.tgz"
  "version" "3.0.2"
  dependencies:
    "fill-range" "^7.0.1"

"broadcast-channel@^3.4.1":
  "integrity" "sha512-cIAKJXAxGJceNZGTZSBzMxzyOn72cVgPnKx4dc6LRjQgbaJUQqhy5rzL3zbMxkMWsGKkv2hSFkPRMEXfoMZ2Mg=="
  "resolved" "https://registry.npmjs.org/broadcast-channel/-/broadcast-channel-3.7.0.tgz"
  "version" "3.7.0"
  dependencies:
    "@babel/runtime" "^7.7.2"
    "detect-node" "^2.1.0"
    "js-sha3" "0.8.0"
    "microseconds" "0.2.0"
    "nano-time" "1.0.0"
    "oblivious-set" "1.0.0"
    "rimraf" "3.0.2"
    "unload" "2.2.0"

"browserslist@^4.21.5", "browserslist@>= 4.21.0":
  "integrity" "sha512-tUkiguQGW7S3IhB7N+c2MV/HZPSCPAAiYBZXLsBhFB/PCy6ZKKsZrmBayHV9fdGV/ARIfJ14NkxKzRDjvp7L6w=="
  "resolved" "https://registry.npmjs.org/browserslist/-/browserslist-4.21.5.tgz"
  "version" "4.21.5"
  dependencies:
    "caniuse-lite" "^1.0.30001449"
    "electron-to-chromium" "^1.4.284"
    "node-releases" "^2.0.8"
    "update-browserslist-db" "^1.0.10"

"call-bind@^1.0.0":
  "integrity" "sha512-7O+FbCihrB5WGbFYesctwmTKae6rOiIzmz1icreWJ+0aA7LJfuqhEso2T9ncpcFtzMQtzXf2QGGueWJGTYsqrA=="
  "resolved" "https://registry.npmjs.org/call-bind/-/call-bind-1.0.2.tgz"
  "version" "1.0.2"
  dependencies:
    "function-bind" "^1.1.1"
    "get-intrinsic" "^1.0.2"

"camelcase-css@^2.0.1":
  "integrity" "sha512-QOSvevhslijgYwRx6Rv7zKdMF8lbRmx+uQGx2+vDc+KI/eBnsy9kit5aj23AgGu3pa4t9AgwbnXWqS+iOY+2aA=="
  "resolved" "https://registry.npmjs.org/camelcase-css/-/camelcase-css-2.0.1.tgz"
  "version" "2.0.1"

"caniuse-lite@^1.0.30001449", "caniuse-lite@^1.0.30001464":
  "integrity" "sha512-iaIZ8gVrWfemh5DG3T9/YqarVZoYf0r188IjaGwx68j4Pf0SGY6CQkmJUIE+NZHkkecQGohzXmBGEwWDr9aM3Q=="
  "resolved" "https://registry.npmjs.org/caniuse-lite/-/caniuse-lite-1.0.30001474.tgz"
  "version" "1.0.30001474"

"chokidar@^3.5.3":
  "integrity" "sha512-Dr3sfKRP6oTcjf2JmUmFJfeVMvXBdegxB0iVQ5eb2V10uFJUCAS8OByZdVAyVb8xXNz3GjjTgj9kLWsZTqE6kw=="
  "resolved" "https://registry.npmjs.org/chokidar/-/chokidar-3.5.3.tgz"
  "version" "3.5.3"
  dependencies:
    "anymatch" "~3.1.2"
    "braces" "~3.0.2"
    "glob-parent" "~5.1.2"
    "is-binary-path" "~2.1.0"
    "is-glob" "~4.0.1"
    "normalize-path" "~3.0.0"
    "readdirp" "~3.6.0"
  optionalDependencies:
    "fsevents" "~2.3.2"

"client-only@^0.0.1":
  "integrity" "sha512-IV3Ou0jSMzZrd3pZ48nLkT9DA7Ag1pnPzaiQhpW7c3RbcqqzvzzVu+L8gfqMp/8IM2MQtSiqaCxrrcfu8I8rMA=="
  "resolved" "https://registry.npmjs.org/client-only/-/client-only-0.0.1.tgz"
  "version" "0.0.1"

"color-name@^1.1.4":
  "integrity" "sha512-dOy+3AuW3a2wNbZHIuMZpTcgjGuLU/uBL/ubcZF9OXbDo8ff4O8yVp5Bf0efS8uEoYo5q4Fx7dY9OgQGXgAsQA=="
  "resolved" "https://registry.npmjs.org/color-name/-/color-name-1.1.4.tgz"
  "version" "1.1.4"

"combined-stream@^1.0.8":
  "integrity" "sha512-FQN4MRfuJeHf7cBbBMJFXhKSDq+2kAArBlmRBvcvFE5BB1HZKXtSFASDhdlz9zOYwxh8lDdnvmMOe/+5cdoEdg=="
  "resolved" "https://registry.npmjs.org/combined-stream/-/combined-stream-1.0.8.tgz"
  "version" "1.0.8"
  dependencies:
    "delayed-stream" "~1.0.0"

"commander@^4.0.0":
  "integrity" "sha512-NOKm8xhkzAjzFx8B2v5OAHT+u5pRQc2UCa2Vq9jYL/31o2wi9mxBA7LIFs3sV5VSC49z6pEhfbMULvShKj26WA=="
  "resolved" "https://registry.npmjs.org/commander/-/commander-4.1.1.tgz"
  "version" "4.1.1"

"concat-map@0.0.1":
  "integrity" "sha512-/Srv4dswyQNBfohGpz9o6Yb3Gz3SrUDqBH5rTuhGR7ahtlbYKnVxw2bCFMRljaA7EXHaXZ8wsHdodFvbkhKmqg=="
  "resolved" "https://registry.npmjs.org/concat-map/-/concat-map-0.0.1.tgz"
  "version" "0.0.1"

"cssesc@^3.0.0":
  "integrity" "sha512-/Tb/JcjK111nNScGob5MNtsntNM1aCNUDipB/TkwZFhyDrrE47SOx/18wF2bbjgc3ZzCSKW1T5nt5EbFoAz/Vg=="
  "resolved" "https://registry.npmjs.org/cssesc/-/cssesc-3.0.0.tgz"
  "version" "3.0.0"

"csstype@^3.0.2":
  "integrity" "sha512-I7K1Uu0MBPzaFKg4nI5Q7Vs2t+3gWWW648spaF+Rg7pI9ds18Ugn+lvg4SHczUdKlHI5LWBXyqfS8+DufyBsgQ=="
  "resolved" "https://registry.npmjs.org/csstype/-/csstype-3.1.2.tgz"
  "version" "3.1.2"

"deepmerge@^2.1.1":
  "integrity" "sha512-R9hc1Xa/NOBi9WRVUWg19rl1UB7Tt4kuPd+thNJgFZoxXsTz7ncaPaeIm+40oSGuP33DfMb4sZt1QIGiJzC4EA=="
  "resolved" "https://registry.npmjs.org/deepmerge/-/deepmerge-2.2.1.tgz"
  "version" "2.2.1"

"deepmerge@^4.0.0":
  "integrity" "sha512-3sUqbMEc77XqpdNO7FRyRog+eW3ph+GYCbj+rK+uYyRMuwsVy0rMiVtPn+QJlKFvWP/1PYpapqYn0Me2knFn+A=="
  "resolved" "https://registry.npmjs.org/deepmerge/-/deepmerge-4.3.1.tgz"
  "version" "4.3.1"

"delayed-stream@~1.0.0":
  "integrity" "sha512-ZySD7Nf91aLB0RxL4KGrKHBXl7Eds1DAmEdcoVawXnLD7SDhpNgtuII2aAkg7a7QS41jxPSZ17p4VdGnMHk3MQ=="
  "resolved" "https://registry.npmjs.org/delayed-stream/-/delayed-stream-1.0.0.tgz"
  "version" "1.0.0"

"detect-node@^2.0.4", "detect-node@^2.1.0":
  "integrity" "sha512-T0NIuQpnTvFDATNuHN5roPwSBG83rFsuO+MXXH9/3N1eFbn4wcPjttvjMLEPWJ0RGUYgQE7cGgS3tNxbqCGM7g=="
  "resolved" "https://registry.npmjs.org/detect-node/-/detect-node-2.1.0.tgz"
  "version" "2.1.0"

"didyoumean@^1.2.2":
  "integrity" "sha512-gxtyfqMg7GKyhQmb056K7M3xszy/myH8w+B4RT+QXBQsvAOdc3XymqDDPHx1BgPgsdAA5SIifona89YtRATDzw=="
  "resolved" "https://registry.npmjs.org/didyoumean/-/didyoumean-1.2.2.tgz"
  "version" "1.2.2"

"dlv@^1.1.3":
  "integrity" "sha512-+HlytyjlPKnIG8XuRG8WvmBP8xs8P71y+SKKS6ZXWoEgLuePxtDoUEiH7WkdePWrQ5JBpE6aoVqfZfJUQkjXwA=="
  "resolved" "https://registry.npmjs.org/dlv/-/dlv-1.1.3.tgz"
  "version" "1.1.3"

"electron-to-chromium@^1.4.284":
  "integrity" "sha512-ikFUEyu5/q+wJpMOxWxTaEVk2M1qKqTGKKyfJmod1CPZxKfYnxVS41/GCBQg21ItBpZybyN8sNpRqCUGm+Zc4Q=="
  "resolved" "https://registry.npmjs.org/electron-to-chromium/-/electron-to-chromium-1.4.352.tgz"
  "version" "1.4.352"

"esbuild@^0.17.5":
  "integrity" "sha512-LBUV2VsUIc/iD9ME75qhT4aJj0r75abCVS0jakhFzOtR7TQsqQA5w0tZ+KTKnwl3kXE0MhskNdHDh/I5aCR1Zw=="
  "resolved" "https://registry.npmjs.org/esbuild/-/esbuild-0.17.15.tgz"
  "version" "0.17.15"
  optionalDependencies:
    "@esbuild/android-arm" "0.17.15"
    "@esbuild/android-arm64" "0.17.15"
    "@esbuild/android-x64" "0.17.15"
    "@esbuild/darwin-arm64" "0.17.15"
    "@esbuild/darwin-x64" "0.17.15"
    "@esbuild/freebsd-arm64" "0.17.15"
    "@esbuild/freebsd-x64" "0.17.15"
    "@esbuild/linux-arm" "0.17.15"
    "@esbuild/linux-arm64" "0.17.15"
    "@esbuild/linux-ia32" "0.17.15"
    "@esbuild/linux-loong64" "0.17.15"
    "@esbuild/linux-mips64el" "0.17.15"
    "@esbuild/linux-ppc64" "0.17.15"
    "@esbuild/linux-riscv64" "0.17.15"
    "@esbuild/linux-s390x" "0.17.15"
    "@esbuild/linux-x64" "0.17.15"
    "@esbuild/netbsd-x64" "0.17.15"
    "@esbuild/openbsd-x64" "0.17.15"
    "@esbuild/sunos-x64" "0.17.15"
    "@esbuild/win32-arm64" "0.17.15"
    "@esbuild/win32-ia32" "0.17.15"
    "@esbuild/win32-x64" "0.17.15"

"escalade@^3.1.1":
  "integrity" "sha512-k0er2gUkLf8O0zKJiAhmkTnJlTvINGv7ygDNPbeIsX/TJjGJZHuh9B2UxbsaEkmlEo9MfhrSzmhIlhRlI2GXnw=="
  "resolved" "https://registry.npmjs.org/escalade/-/escalade-3.1.1.tgz"
  "version" "3.1.1"

"fast-glob@^3.2.12":
  "integrity" "sha512-DVj4CQIYYow0BlaelwK1pHl5n5cRSJfM60UA0zK891sVInoPri2Ekj7+e1CT3/3qxXenpI+nBBmQAcJPJgaj4w=="
  "resolved" "https://registry.npmjs.org/fast-glob/-/fast-glob-3.2.12.tgz"
  "version" "3.2.12"
  dependencies:
    "@nodelib/fs.stat" "^2.0.2"
    "@nodelib/fs.walk" "^1.2.3"
    "glob-parent" "^5.1.2"
    "merge2" "^1.3.0"
    "micromatch" "^4.0.4"

"fastq@^1.6.0":
  "integrity" "sha512-wBrocU2LCXXa+lWBt8RoIRD89Fi8OdABODa/kEnyeyjS5aZO5/GNvI5sEINADqP/h8M29UHTHUb53sUu5Ihqdw=="
  "resolved" "https://registry.npmjs.org/fastq/-/fastq-1.15.0.tgz"
  "version" "1.15.0"
  dependencies:
    "reusify" "^1.0.4"

"fill-range@^7.0.1":
  "integrity" "sha512-qOo9F+dMUmC2Lcb4BbVvnKJxTPjCm+RRpe4gDuGrzkL7mEVl/djYSu2OdQ2Pa302N4oqkSg9ir6jaLWJ2USVpQ=="
  "resolved" "https://registry.npmjs.org/fill-range/-/fill-range-7.0.1.tgz"
  "version" "7.0.1"
  dependencies:
    "to-regex-range" "^5.0.1"

"follow-redirects@^1.15.0":
  "integrity" "sha512-VQLG33o04KaQ8uYi2tVNbdrWp1QWxNNea+nmIB4EVM28v0hmP17z7aG1+wAkNzVq4KeXTq3221ye5qTJP91JwA=="
  "resolved" "https://registry.npmjs.org/follow-redirects/-/follow-redirects-1.15.2.tgz"
  "version" "1.15.2"

"form-data@^4.0.0":
  "integrity" "sha512-ETEklSGi5t0QMZuiXoA/Q6vcnxcLQP5vdugSpuAyi6SVGi2clPPp+xgEhuMaHC+zGgn31Kd235W35f7Hykkaww=="
  "resolved" "https://registry.npmjs.org/form-data/-/form-data-4.0.0.tgz"
  "version" "4.0.0"
  dependencies:
    "asynckit" "^0.4.0"
    "combined-stream" "^1.0.8"
    "mime-types" "^2.1.12"

"formik@^2.2.9":
  "integrity" "sha512-LQLcISMmf1r5at4/gyJigGn0gOwFbeEAlji+N9InZF6LIMXnFNkO42sCI8Jt84YZggpD4cPWObAZaxpEFtSzNA=="
  "resolved" "https://registry.npmjs.org/formik/-/formik-2.2.9.tgz"
  "version" "2.2.9"
  dependencies:
    "deepmerge" "^2.1.1"
    "hoist-non-react-statics" "^3.3.0"
    "lodash" "^4.17.21"
    "lodash-es" "^4.17.21"
    "react-fast-compare" "^2.0.1"
    "tiny-warning" "^1.0.2"
    "tslib" "^1.10.0"

"fraction.js@^4.2.0":
  "integrity" "sha512-MhLuK+2gUcnZe8ZHlaaINnQLl0xRIGRfcGk2yl8xoQAfHrSsL3rYu6FCmBdkdbhc9EPlwyGHewaRsvwRMJtAlA=="
  "resolved" "https://registry.npmjs.org/fraction.js/-/fraction.js-4.2.0.tgz"
  "version" "4.2.0"

"fs.realpath@^1.0.0":
  "integrity" "sha512-OO0pH2lK6a0hZnAdau5ItzHPI6pUlvI7jMVnxUQRtw4owF2wk8lOSabtGDCTP4Ggrg2MbGnWO9X8K1t4+fGMDw=="
  "resolved" "https://registry.npmjs.org/fs.realpath/-/fs.realpath-1.0.0.tgz"
  "version" "1.0.0"

"function-bind@^1.1.1":
  "integrity" "sha512-yIovAzMX49sF8Yl58fSCWJ5svSLuaibPxXQJFLmBObTuCr0Mf1KiPopGM9NiFjiYBCbfaa2Fh6breQ6ANVTI0A=="
  "resolved" "https://registry.npmjs.org/function-bind/-/function-bind-1.1.1.tgz"
  "version" "1.1.1"

"get-intrinsic@^1.0.2":
  "integrity" "sha512-L049y6nFOuom5wGyRc3/gdTLO94dySVKRACj1RmJZBQXlbTMhtNIgkWkUHq+jYmZvKf14EW1EoJnnjbmoHij0Q=="
  "resolved" "https://registry.npmjs.org/get-intrinsic/-/get-intrinsic-1.2.0.tgz"
  "version" "1.2.0"
  dependencies:
    "function-bind" "^1.1.1"
    "has" "^1.0.3"
    "has-symbols" "^1.0.3"

"glob-parent@^5.1.2":
  "integrity" "sha512-AOIgSQCepiJYwP3ARnGx+5VnTu2HBYdzbGP45eLw1vr3zB3vZLeyed1sC9hnbcOc9/SrMyM5RPQrkGz4aS9Zow=="
  "resolved" "https://registry.npmjs.org/glob-parent/-/glob-parent-5.1.2.tgz"
  "version" "5.1.2"
  dependencies:
    "is-glob" "^4.0.1"

"glob-parent@^6.0.2":
  "integrity" "sha512-XxwI8EOhVQgWp6iDL+3b0r86f4d6AX6zSU55HfB4ydCEuXLXc5FcYeOu+nnGftS4TEju/11rt4KJPTMgbfmv4A=="
  "resolved" "https://registry.npmjs.org/glob-parent/-/glob-parent-6.0.2.tgz"
  "version" "6.0.2"
  dependencies:
    "is-glob" "^4.0.3"

"glob-parent@~5.1.2":
  "integrity" "sha512-AOIgSQCepiJYwP3ARnGx+5VnTu2HBYdzbGP45eLw1vr3zB3vZLeyed1sC9hnbcOc9/SrMyM5RPQrkGz4aS9Zow=="
  "resolved" "https://registry.npmjs.org/glob-parent/-/glob-parent-5.1.2.tgz"
  "version" "5.1.2"
  dependencies:
    "is-glob" "^4.0.1"

"glob@^7.1.3", "glob@7.1.6":
  "integrity" "sha512-LwaxwyZ72Lk7vZINtNNrywX0ZuLyStrdDtabefZKAY5ZGJhVtgdznluResxNmPitE0SAO+O26sWTHeKSI2wMBA=="
  "resolved" "https://registry.npmjs.org/glob/-/glob-7.1.6.tgz"
  "version" "7.1.6"
  dependencies:
    "fs.realpath" "^1.0.0"
    "inflight" "^1.0.4"
    "inherits" "2"
    "minimatch" "^3.0.4"
    "once" "^1.3.0"
    "path-is-absolute" "^1.0.0"

"has-symbols@^1.0.3":
  "integrity" "sha512-l3LCuF6MgDNwTDKkdYGEihYjt5pRPbEg46rtlmnSPlUbgmB8LOIrKJbYYFBSbnPaJexMKtiPO8hmeRjRz2Td+A=="
  "resolved" "https://registry.npmjs.org/has-symbols/-/has-symbols-1.0.3.tgz"
  "version" "1.0.3"

"has@^1.0.3":
  "integrity" "sha512-f2dvO0VU6Oej7RkWJGrehjbzMAjFp5/VKPp5tTpWIV4JHHZK1/BxbFRtf/siA2SWTe09caDmVtYYzWEIbBS4zw=="
  "resolved" "https://registry.npmjs.org/has/-/has-1.0.3.tgz"
  "version" "1.0.3"
  dependencies:
    "function-bind" "^1.1.1"

"hoist-non-react-statics@^3.3.0":
  "integrity" "sha512-/gGivxi8JPKWNm/W0jSmzcMPpfpPLc3dY/6GxhX2hQ9iGj3aDfklV4ET7NjKpSinLpJ5vafa9iiGIEZg10SfBw=="
  "resolved" "https://registry.npmjs.org/hoist-non-react-statics/-/hoist-non-react-statics-3.3.2.tgz"
  "version" "3.3.2"
  dependencies:
    "react-is" "^16.7.0"

"inflight@^1.0.4":
  "integrity" "sha512-k92I/b08q4wvFscXCLvqfsHCrjrF7yiXsQuIVvVE7N82W3+aqpzuUdBbfhWcy/FZR3/4IgflMgKLOsvPDrGCJA=="
  "resolved" "https://registry.npmjs.org/inflight/-/inflight-1.0.6.tgz"
  "version" "1.0.6"
  dependencies:
    "once" "^1.3.0"
    "wrappy" "1"

"inherits@2":
  "integrity" "sha512-k/vGaX4/Yla3WzyMCvTQOXYeIHvqOKtnqBduzTHpzpQZzAskKMhZ2K+EnBiSM9zGSoIFeMpXKxa4dYeZIQqewQ=="
  "resolved" "https://registry.npmjs.org/inherits/-/inherits-2.0.4.tgz"
  "version" "2.0.4"

"is-binary-path@~2.1.0":
  "integrity" "sha512-ZMERYes6pDydyuGidse7OsHxtbI7WVeUEozgR/g7rd0xUimYNlvZRE/K2MgZTjWy725IfelLeVcEM97mmtRGXw=="
  "resolved" "https://registry.npmjs.org/is-binary-path/-/is-binary-path-2.1.0.tgz"
  "version" "2.1.0"
  dependencies:
    "binary-extensions" "^2.0.0"

"is-core-module@^2.9.0":
  "integrity" "sha512-RRjxlvLDkD1YJwDbroBHMb+cukurkDWNyHx7D3oNB5x9rb5ogcksMC5wHCadcXoo67gVr/+3GFySh3134zi6rw=="
  "resolved" "https://registry.npmjs.org/is-core-module/-/is-core-module-2.11.0.tgz"
  "version" "2.11.0"
  dependencies:
    "has" "^1.0.3"

"is-extglob@^2.1.1":
  "integrity" "sha512-SbKbANkN603Vi4jEZv49LeVJMn4yGwsbzZworEoyEiutsN3nJYdbO36zfhGJ6QEDpOZIFkDtnq5JRxmvl3jsoQ=="
  "resolved" "https://registry.npmjs.org/is-extglob/-/is-extglob-2.1.1.tgz"
  "version" "2.1.1"

"is-glob@^4.0.1", "is-glob@^4.0.3", "is-glob@~4.0.1":
  "integrity" "sha512-xelSayHH36ZgE7ZWhli7pW34hNbNl8Ojv5KVmkJD4hBdD3th8Tfk9vYasLM+mXWOZhFkgZfxhLSnrwRr4elSSg=="
  "resolved" "https://registry.npmjs.org/is-glob/-/is-glob-4.0.3.tgz"
  "version" "4.0.3"
  dependencies:
    "is-extglob" "^2.1.1"

"is-number@^7.0.0":
  "integrity" "sha512-41Cifkg6e8TylSpdtTpeLVMqvSBEVzTttHvERD741+pnZ8ANv0004MRL43QKPDlK9cGvNp6NZWZUBlbGXYxxng=="
  "resolved" "https://registry.npmjs.org/is-number/-/is-number-7.0.0.tgz"
  "version" "7.0.0"

"jiti@^1.17.2":
  "integrity" "sha512-QAdOptna2NYiSSpv0O/BwoHBSmz4YhpzJHyi+fnMRTXFjp7B8i/YG5Z8IfusxB1ufjcD2Sre1F3R+nX3fvy7gg=="
  "resolved" "https://registry.npmjs.org/jiti/-/jiti-1.18.2.tgz"
  "version" "1.18.2"

"js-sha3@0.8.0":
  "integrity" "sha512-gF1cRrHhIzNfToc802P800N8PpXS+evLLXfsVpowqmAFR9uwbi89WvXg2QspOmXL8QL86J4T1EpFu+yUkwJY3Q=="
  "resolved" "https://registry.npmjs.org/js-sha3/-/js-sha3-0.8.0.tgz"
  "version" "0.8.0"

"js-tokens@^3.0.0 || ^4.0.0":
  "integrity" "sha512-RdJUflcE3cUzKiMqQgsCu06FPu9UdIJO0beYbPhHN4k6apgJtifcoCtT9bcxOpYBtpD2kCM6Sbzg4CausW/PKQ=="
  "resolved" "https://registry.npmjs.org/js-tokens/-/js-tokens-4.0.0.tgz"
  "version" "4.0.0"

"laravel-vite-plugin@^0.7.2":
  "integrity" "sha512-NlIuXbeuI+4NZzRpWNpGHRVTwuFWessvD7QoD+o2MlyAi7qyUS4J8r4/yTlu1dl9lxcR7iKoYUmHQqZDcrw2KA=="
  "resolved" "https://registry.npmjs.org/laravel-vite-plugin/-/laravel-vite-plugin-0.7.4.tgz"
  "version" "0.7.4"
  dependencies:
    "picocolors" "^1.0.0"
    "vite-plugin-full-reload" "^1.0.5"

"lilconfig@^2.0.5", "lilconfig@^2.0.6":
  "integrity" "sha512-utWOt/GHzuUxnLKxB6dk81RoOeoNeHgbrXiuGk4yyF5qlRz+iIVWu56E2fqGHFrXz0QNUhLB/8nKqvRH66JKGQ=="
  "resolved" "https://registry.npmjs.org/lilconfig/-/lilconfig-2.1.0.tgz"
  "version" "2.1.0"

"lines-and-columns@^1.1.6":
  "integrity" "sha512-7ylylesZQ/PV29jhEDl3Ufjo6ZX7gCqJr5F7PKrqc93v7fzSymt1BpwEU8nAUXs8qzzvqhbjhK5QZg6Mt/HkBg=="
  "resolved" "https://registry.npmjs.org/lines-and-columns/-/lines-and-columns-1.2.4.tgz"
  "version" "1.2.4"

"lodash-es@^4.17.21":
  "integrity" "sha512-mKnC+QJ9pWVzv+C4/U3rRsHapFfHvQFoFB92e52xeyGMcX6/OlIl78je1u8vePzYZSkkogMPJ2yjxxsb89cxyw=="
  "resolved" "https://registry.npmjs.org/lodash-es/-/lodash-es-4.17.21.tgz"
  "version" "4.17.21"

"lodash.isequal@^4.5.0":
  "integrity" "sha512-pDo3lu8Jhfjqls6GkMgpahsF9kCyayhgykjyLMNFTKWrpVdAQtYyB4muAMWozBB4ig/dtWAmsMxLEI8wuz+DYQ=="
  "resolved" "https://registry.npmjs.org/lodash.isequal/-/lodash.isequal-4.5.0.tgz"
  "version" "4.5.0"

"lodash@^4.17.21":
  "integrity" "sha512-v2kDEe57lecTulaDIuNTPy3Ry4gLGJ6Z1O3vE1krgXZNrsQ+LFTGHVxVjcXPs17LhbZVGedAJv8XZ1tvj5FvSg=="
  "resolved" "https://registry.npmjs.org/lodash/-/lodash-4.17.21.tgz"
  "version" "4.17.21"

"loose-envify@^1.1.0":
  "integrity" "sha512-lyuxPGr/Wfhrlem2CL/UcnUc1zcqKAImBDzukY7Y5F/yQiNdko6+fRLevlw1HgMySw7f611UIY408EtxRSoK3Q=="
  "resolved" "https://registry.npmjs.org/loose-envify/-/loose-envify-1.4.0.tgz"
  "version" "1.4.0"
  dependencies:
    "js-tokens" "^3.0.0 || ^4.0.0"

"match-sorter@^6.0.2":
  "integrity" "sha512-mxybbo3pPNuA+ZuCUhm5bwNkXrJTbsk5VWbR5wiwz/GC6LIiegBGn2w3O08UG/jdbYLinw51fSQ5xNU1U3MgBw=="
  "resolved" "https://registry.npmjs.org/match-sorter/-/match-sorter-6.3.1.tgz"
  "version" "6.3.1"
  dependencies:
    "@babel/runtime" "^7.12.5"
    "remove-accents" "0.4.2"

"merge2@^1.3.0":
  "integrity" "sha512-8q7VEgMJW4J8tcfVPy8g09NcQwZdbwFEqhe/WZkoIzjn/3TGDwtOCYtXGxA3O8tPzpczCCDgv+P2P5y00ZJOOg=="
  "resolved" "https://registry.npmjs.org/merge2/-/merge2-1.4.1.tgz"
  "version" "1.4.1"

"micromatch@^4.0.4", "micromatch@^4.0.5":
  "integrity" "sha512-DMy+ERcEW2q8Z2Po+WNXuw3c5YaUSFjAO5GsJqfEl7UjvtIuFKO6ZrKvcItdy98dwFI2N1tg3zNIdKaQT+aNdA=="
  "resolved" "https://registry.npmjs.org/micromatch/-/micromatch-4.0.5.tgz"
  "version" "4.0.5"
  dependencies:
    "braces" "^3.0.2"
    "picomatch" "^2.3.1"

"microseconds@0.2.0":
  "integrity" "sha512-n7DHHMjR1avBbSpsTBj6fmMGh2AGrifVV4e+WYc3Q9lO+xnSZ3NyhcBND3vzzatt05LFhoKFRxrIyklmLlUtyA=="
  "resolved" "https://registry.npmjs.org/microseconds/-/microseconds-0.2.0.tgz"
  "version" "0.2.0"

"mime-db@1.52.0":
  "integrity" "sha512-sPU4uV7dYlvtWJxwwxHD0PuihVNiE7TyAbQ5SWxDCB9mUYvOgroQOwYQQOKPJ8CIbE+1ETVlOoK1UC2nU3gYvg=="
  "resolved" "https://registry.npmjs.org/mime-db/-/mime-db-1.52.0.tgz"
  "version" "1.52.0"

"mime-types@^2.1.12":
  "integrity" "sha512-ZDY+bPm5zTTF+YpCrAU9nK0UgICYPT0QtT1NZWFv4s++TNkcgVaT0g6+4R2uI4MjQjzysHB1zxuWL50hzaeXiw=="
  "resolved" "https://registry.npmjs.org/mime-types/-/mime-types-2.1.35.tgz"
  "version" "2.1.35"
  dependencies:
    "mime-db" "1.52.0"

"mini-svg-data-uri@^1.2.3":
  "integrity" "sha512-r9deDe9p5FJUPZAk3A59wGH7Ii9YrjjWw0jmw/liSbHl2CHiyXj6FcDXDu2K3TjVAXqiJdaw3xxwlZZr9E6nHg=="
  "resolved" "https://registry.npmjs.org/mini-svg-data-uri/-/mini-svg-data-uri-1.4.4.tgz"
  "version" "1.4.4"

"minimatch@^3.0.4":
  "integrity" "sha512-J7p63hRiAjw1NDEww1W7i37+ByIrOWO5XQQAzZ3VOcL0PNybwpfmV/N05zFAzwQ9USyEcX6t3UO+K5aqBQOIHw=="
  "resolved" "https://registry.npmjs.org/minimatch/-/minimatch-3.1.2.tgz"
  "version" "3.1.2"
  dependencies:
    "brace-expansion" "^1.1.7"

"mz@^2.7.0":
  "integrity" "sha512-z81GNO7nnYMEhrGh9LeymoE4+Yr0Wn5McHIZMK5cfQCl+NDX08sCZgUc9/6MHni9IWuFLm1Z3HTCXu2z9fN62Q=="
  "resolved" "https://registry.npmjs.org/mz/-/mz-2.7.0.tgz"
  "version" "2.7.0"
  dependencies:
    "any-promise" "^1.0.0"
    "object-assign" "^4.0.1"
    "thenify-all" "^1.0.0"

"nano-time@1.0.0":
  "integrity" "sha512-flnngywOoQ0lLQOTRNexn2gGSNuM9bKj9RZAWSzhQ+UJYaAFG9bac4DW9VHjUAzrOaIcajHybCTHe/bkvozQqA=="
  "resolved" "https://registry.npmjs.org/nano-time/-/nano-time-1.0.0.tgz"
  "version" "1.0.0"
  dependencies:
    "big-integer" "^1.6.16"

"nanoid@^3.3.4":
  "integrity" "sha512-BGcqMMJuToF7i1rt+2PWSNVnWIkGCU78jBG3RxO/bZlnZPK2Cmi2QaffxGO/2RvWi9sL+FAiRiXMgsyxQ1DIDA=="
  "resolved" "https://registry.npmjs.org/nanoid/-/nanoid-3.3.6.tgz"
  "version" "3.3.6"

"node-releases@^2.0.8":
  "integrity" "sha512-5GFldHPXVG/YZmFzJvKK2zDSzPKhEp0+ZR5SVaoSag9fsL5YgHbUHDfnG5494ISANDcK4KwPXAx2xqVEydmd7w=="
  "resolved" "https://registry.npmjs.org/node-releases/-/node-releases-2.0.10.tgz"
  "version" "2.0.10"

"normalize-path@^3.0.0", "normalize-path@~3.0.0":
  "integrity" "sha512-6eZs5Ls3WtCisHWp9S2GUy8dqkpGi4BVSz3GaqiE6ezub0512ESztXUwUB6C6IKbQkY2Pnb/mD4WYojCRwcwLA=="
  "resolved" "https://registry.npmjs.org/normalize-path/-/normalize-path-3.0.0.tgz"
  "version" "3.0.0"

"normalize-range@^0.1.2":
  "integrity" "sha512-bdok/XvKII3nUpklnV6P2hxtMNrCboOjAcyBuQnWEhO665FwrSNRxU+AqpsyvO6LgGYPspN+lu5CLtw4jPRKNA=="
  "resolved" "https://registry.npmjs.org/normalize-range/-/normalize-range-0.1.2.tgz"
  "version" "0.1.2"

"nprogress@^0.2.0":
  "integrity" "sha512-I19aIingLgR1fmhftnbWWO3dXc0hSxqHQHQb3H8m+K3TnEn/iSeTZZOyvKXWqQESMwuUVnatlCnZdLBZZt2VSA=="
  "resolved" "https://registry.npmjs.org/nprogress/-/nprogress-0.2.0.tgz"
  "version" "0.2.0"

"object-assign@^4.0.1":
  "integrity" "sha512-rJgTQnkUnH1sFw8yT6VSU3zD3sWmu6sZhIseY8VX+GRu3P6F7Fu+JNDoXfklElbLJSnc3FUQHVe4cU5hj+BcUg=="
  "resolved" "https://registry.npmjs.org/object-assign/-/object-assign-4.1.1.tgz"
  "version" "4.1.1"

"object-hash@^3.0.0":
  "integrity" "sha512-RSn9F68PjH9HqtltsSnqYC1XXoWe9Bju5+213R98cNGttag9q9yAOTzdbsqvIa7aNm5WffBZFpWYr2aWrklWAw=="
  "resolved" "https://registry.npmjs.org/object-hash/-/object-hash-3.0.0.tgz"
  "version" "3.0.0"

"object-inspect@^1.9.0":
  "integrity" "sha512-geUvdk7c+eizMNUDkRpW1wJwgfOiOeHbxBR/hLXK1aT6zmVSO0jsQcs7fj6MGw89jC/cjGfLcNOrtMYtGqm81g=="
  "resolved" "https://registry.npmjs.org/object-inspect/-/object-inspect-1.12.3.tgz"
  "version" "1.12.3"

"oblivious-set@1.0.0":
  "integrity" "sha512-z+pI07qxo4c2CulUHCDf9lcqDlMSo72N/4rLUpRXf6fu+q8vjt8y0xS+Tlf8NTJDdTXHbdeO1n3MlbctwEoXZw=="
  "resolved" "https://registry.npmjs.org/oblivious-set/-/oblivious-set-1.0.0.tgz"
  "version" "1.0.0"

"once@^1.3.0":
  "integrity" "sha512-lNaJgI+2Q5URQBkccEKHTQOPaXdUxnZZElQTZY0MFUAuaEqe1E+Nyvgdz/aIyNi6Z9MzO5dv1H8n58/GELp3+w=="
  "resolved" "https://registry.npmjs.org/once/-/once-1.4.0.tgz"
  "version" "1.4.0"
  dependencies:
    "wrappy" "1"

"path-is-absolute@^1.0.0":
  "integrity" "sha512-AVbw3UJ2e9bq64vSaS9Am0fje1Pa8pbGqTTsmXfaIiMpnr5DlDhfJOuLj9Sf95ZPVDAUerDfEk88MPmPe7UCQg=="
  "resolved" "https://registry.npmjs.org/path-is-absolute/-/path-is-absolute-1.0.1.tgz"
  "version" "1.0.1"

"path-parse@^1.0.7":
  "integrity" "sha512-LDJzPVEEEPR+y48z93A0Ed0yXb8pAByGWo/k5YYdYgpY2/2EsOsksJrq7lOHxryrVOn1ejG6oAp8ahvOIQD8sw=="
  "resolved" "https://registry.npmjs.org/path-parse/-/path-parse-1.0.7.tgz"
  "version" "1.0.7"

"picocolors@^1.0.0":
  "integrity" "sha512-1fygroTLlHu66zi26VoTDv8yRgm0Fccecssto+MhsZ0D/DGW2sm8E8AjW7NU5VVTRt5GxbeZ5qBuJr+HyLYkjQ=="
  "resolved" "https://registry.npmjs.org/picocolors/-/picocolors-1.0.0.tgz"
  "version" "1.0.0"

"picomatch@^2.0.4", "picomatch@^2.2.1", "picomatch@^2.3.1":
  "integrity" "sha512-JU3teHTNjmE2VCGFzuY8EXzCDVwEqB2a8fsIvwaStHhAWJEeVd1o1QD80CU6+ZdEXXSLbSsuLwJjkCBWqRQUVA=="
  "resolved" "https://registry.npmjs.org/picomatch/-/picomatch-2.3.1.tgz"
  "version" "2.3.1"

"pify@^2.3.0":
  "integrity" "sha512-udgsAY+fTnvv7kI7aaxbqwWNb0AHiB0qBO89PZKPkoTmGOgdbrHDKD+0B2X4uTfJ/FT1R09r9gTsjUjNJotuog=="
  "resolved" "https://registry.npmjs.org/pify/-/pify-2.3.0.tgz"
  "version" "2.3.0"

"pirates@^4.0.1":
  "integrity" "sha512-8V9+HQPupnaXMA23c5hvl69zXvTwTzyAYasnkb0Tts4XvO4CliqONMOnvlq26rkhLC3nWDFBJf73LU1e1VZLaQ=="
  "resolved" "https://registry.npmjs.org/pirates/-/pirates-4.0.5.tgz"
  "version" "4.0.5"

"postcss-import@^14.1.0":
  "integrity" "sha512-flwI+Vgm4SElObFVPpTIT7SU7R3qk2L7PyduMcokiaVKuWv9d/U+Gm/QAd8NDLuykTWTkcrjOeD2Pp1rMeBTGw=="
  "resolved" "https://registry.npmjs.org/postcss-import/-/postcss-import-14.1.0.tgz"
  "version" "14.1.0"
  dependencies:
    "postcss-value-parser" "^4.0.0"
    "read-cache" "^1.0.0"
    "resolve" "^1.1.7"

"postcss-js@^4.0.0":
  "integrity" "sha512-dDLF8pEO191hJMtlHFPRa8xsizHaM82MLfNkUHdUtVEV3tgTp5oj+8qbEqYM57SLfc74KSbw//4SeJma2LRVIw=="
  "resolved" "https://registry.npmjs.org/postcss-js/-/postcss-js-4.0.1.tgz"
  "version" "4.0.1"
  dependencies:
    "camelcase-css" "^2.0.1"

"postcss-load-config@^3.1.4":
  "integrity" "sha512-6DiM4E7v4coTE4uzA8U//WhtPwyhiim3eyjEMFCnUpzbrkK9wJHgKDT2mR+HbtSrd/NubVaYTOpSpjUl8NQeRg=="
  "resolved" "https://registry.npmjs.org/postcss-load-config/-/postcss-load-config-3.1.4.tgz"
  "version" "3.1.4"
  dependencies:
    "lilconfig" "^2.0.5"
    "yaml" "^1.10.2"

"postcss-nested@6.0.0":
  "integrity" "sha512-0DkamqrPcmkBDsLn+vQDIrtkSbNkv5AD/M322ySo9kqFkCIYklym2xEmWkwo+Y3/qZo34tzEPNUw4y7yMCdv5w=="
  "resolved" "https://registry.npmjs.org/postcss-nested/-/postcss-nested-6.0.0.tgz"
  "version" "6.0.0"
  dependencies:
    "postcss-selector-parser" "^6.0.10"

"postcss-selector-parser@^6.0.10", "postcss-selector-parser@^6.0.11":
  "integrity" "sha512-zbARubNdogI9j7WY4nQJBiNqQf3sLS3wCP4WfOidu+p28LofJqDH1tcXypGrcmMHhDk2t9wGhCsYe/+szLTy1g=="
  "resolved" "https://registry.npmjs.org/postcss-selector-parser/-/postcss-selector-parser-6.0.11.tgz"
  "version" "6.0.11"
  dependencies:
    "cssesc" "^3.0.0"
    "util-deprecate" "^1.0.2"

"postcss-value-parser@^4.0.0", "postcss-value-parser@^4.2.0":
  "integrity" "sha512-1NNCs6uurfkVbeXG4S8JFT9t19m45ICnif8zWLd5oPSZ50QnwMfK+H3jv408d4jw/7Bttv5axS5IiHoLaVNHeQ=="
  "resolved" "https://registry.npmjs.org/postcss-value-parser/-/postcss-value-parser-4.2.0.tgz"
  "version" "4.2.0"

"postcss@^8.0.0", "postcss@^8.0.9", "postcss@^8.1.0", "postcss@^8.2.14", "postcss@^8.4.18", "postcss@^8.4.21", "postcss@>=8.0.9":
  "integrity" "sha512-tP7u/Sn/dVxK2NnruI4H9BG+x+Wxz6oeZ1cJ8P6G/PZY0IKk4k/63TDsQf2kQq3+qoJeLm2kIBUNlZe3zgb4Zg=="
  "resolved" "https://registry.npmjs.org/postcss/-/postcss-8.4.21.tgz"
  "version" "8.4.21"
  dependencies:
    "nanoid" "^3.3.4"
    "picocolors" "^1.0.0"
    "source-map-js" "^1.0.2"

"property-expr@^2.0.5":
  "integrity" "sha512-IJUkICM5dP5znhCckHSv30Q4b5/JA5enCtkRHYaOVOAocnH/1BQEYTC5NMfT3AVl/iXKdr3aqQbQn9DxyWknwA=="
  "resolved" "https://registry.npmjs.org/property-expr/-/property-expr-2.0.5.tgz"
  "version" "2.0.5"

"proxy-from-env@^1.1.0":
  "integrity" "sha512-D+zkORCbA9f1tdWRK0RaCR3GPv50cMxcrz4X8k5LTSUD1Dkw47mKJEZQNunItRTkWwgtaUSo1RVFRIG9ZXiFYg=="
  "resolved" "https://registry.npmjs.org/proxy-from-env/-/proxy-from-env-1.1.0.tgz"
  "version" "1.1.0"

"qs@^6.9.0":
  "integrity" "sha512-0wsrzgTz/kAVIeuxSjnpGC56rzYtr6JT/2BwEvMaPhFIoYa1aGO8LbzuU1R0uUYQkLpWBTOj0l/CLAJB64J6nQ=="
  "resolved" "https://registry.npmjs.org/qs/-/qs-6.11.1.tgz"
  "version" "6.11.1"
  dependencies:
    "side-channel" "^1.0.4"

"queue-microtask@^1.2.2":
  "integrity" "sha512-NuaNSa6flKT5JaSYQzJok04JzTL1CA6aGhv5rfLW3PgqA+M2ChpZQnAC8h8i4ZFkBS8X5RqkDBHA7r4hej3K9A=="
  "resolved" "https://registry.npmjs.org/queue-microtask/-/queue-microtask-1.2.3.tgz"
  "version" "1.2.3"

"quick-lru@^5.1.1":
  "integrity" "sha512-WuyALRjWPDGtt/wzJiadO5AXY+8hZ80hVpe6MyivgraREW751X3SbhRvG3eLKOYN+8VEvqLcf3wdnt44Z4S4SA=="
  "resolved" "https://registry.npmjs.org/quick-lru/-/quick-lru-5.1.1.tgz"
  "version" "5.1.1"

"react-dom@^16 || ^17 || ^18", "react-dom@^18.2.0", "react-dom@>=16.8":
  "integrity" "sha512-6IMTriUmvsjHUjNtEDudZfuDQUoWXVxKHhlEGSk81n4YFS+r/Kl99wXiwlVXtPBtJenozv2P+hxDsw9eA7Xo6g=="
  "resolved" "https://registry.npmjs.org/react-dom/-/react-dom-18.2.0.tgz"
  "version" "18.2.0"
  dependencies:
    "loose-envify" "^1.1.0"
    "scheduler" "^0.23.0"

"react-fast-compare@^2.0.1":
  "integrity" "sha512-suNP+J1VU1MWFKcyt7RtjiSWUjvidmQSlqu+eHslq+342xCbGTYmC0mEhPCOHxlW0CywylOC1u2DFAT+bv4dBw=="
  "resolved" "https://registry.npmjs.org/react-fast-compare/-/react-fast-compare-2.0.4.tgz"
  "version" "2.0.4"

"react-icons@^4.8.0":
  "integrity" "sha512-N6+kOLcihDiAnj5Czu637waJqSnwlMNROzVZMhfX68V/9bu9qHaMIJC4UdozWoOk57gahFCNHwVvWzm0MTzRjg=="
  "resolved" "https://registry.npmjs.org/react-icons/-/react-icons-4.8.0.tgz"
  "version" "4.8.0"

"react-is@^16.7.0":
  "integrity" "sha512-24e6ynE2H+OKt4kqsOvNd8kBpV65zoxbA4BVsEOB3ARVWQki/DHzaUoC5KuON/BiccDaCCTZBuOcfZs70kR8bQ=="
  "resolved" "https://registry.npmjs.org/react-is/-/react-is-16.13.1.tgz"
  "version" "16.13.1"

"react-query@^3.39.3":
  "integrity" "sha512-nLfLz7GiohKTJDuT4us4X3h/8unOh+00MLb2yJoGTPjxKs2bc1iDhkNx2bd5MKklXnOD3NrVZ+J2UXujA5In4g=="
  "resolved" "https://registry.npmjs.org/react-query/-/react-query-3.39.3.tgz"
  "version" "3.39.3"
  dependencies:
    "@babel/runtime" "^7.5.5"
    "broadcast-channel" "^3.4.1"
    "match-sorter" "^6.0.2"

"react-router-dom@^6.10.0":
  "integrity" "sha512-E5dfxRPuXKJqzwSe/qGcqdwa18QiWC6f3H3cWXM24qj4N0/beCIf/CWTipop2xm7mR0RCS99NnaqPNjHtrAzCg=="
  "resolved" "https://registry.npmjs.org/react-router-dom/-/react-router-dom-6.10.0.tgz"
  "version" "6.10.0"
  dependencies:
    "@remix-run/router" "1.5.0"
    "react-router" "6.10.0"

"react-router@6.10.0":
  "integrity" "sha512-Nrg0BWpQqrC3ZFFkyewrflCud9dio9ME3ojHCF/WLsprJVzkq3q3UeEhMCAW1dobjeGbWgjNn/PVF6m46ANxXQ=="
  "resolved" "https://registry.npmjs.org/react-router/-/react-router-6.10.0.tgz"
  "version" "6.10.0"
  dependencies:
    "@remix-run/router" "1.5.0"

"react@*", "react@^16 || ^17 || ^18", "react@^16.8.0 || ^17.0.0 || ^18.0.0", "react@^16.9.0 || ^17.0.0 || ^18.0.0", "react@^18.2.0", "react@>=16.8", "react@>=16.8.0":
  "integrity" "sha512-/3IjMdb2L9QbBdWiW5e3P2/npwMBaU9mHCSCUzNln0ZCYbcfTsGbTJrU/kGemdH2IWmB2ioZ+zkxtmq6g09fGQ=="
  "resolved" "https://registry.npmjs.org/react/-/react-18.2.0.tgz"
  "version" "18.2.0"
  dependencies:
    "loose-envify" "^1.1.0"

"read-cache@^1.0.0":
  "integrity" "sha512-Owdv/Ft7IjOgm/i0xvNDZ1LrRANRfew4b2prF3OWMQLxLfu3bS8FVhCsrSCMK4lR56Y9ya+AThoTpDCTxCmpRA=="
  "resolved" "https://registry.npmjs.org/read-cache/-/read-cache-1.0.0.tgz"
  "version" "1.0.0"
  dependencies:
    "pify" "^2.3.0"

"readdirp@~3.6.0":
  "integrity" "sha512-hOS089on8RduqdbhvQ5Z37A0ESjsqz6qnRcffsMU3495FuTdqSm+7bhJ29JvIOsBDEEnan5DPu9t3To9VRlMzA=="
  "resolved" "https://registry.npmjs.org/readdirp/-/readdirp-3.6.0.tgz"
  "version" "3.6.0"
  dependencies:
    "picomatch" "^2.2.1"

"regenerator-runtime@^0.13.11":
  "integrity" "sha512-kY1AZVr2Ra+t+piVaJ4gxaFaReZVH40AKNo7UCX6W+dEwBo/2oZJzqfuN1qLq1oL45o56cPaTXELwrTh8Fpggg=="
  "resolved" "https://registry.npmjs.org/regenerator-runtime/-/regenerator-runtime-0.13.11.tgz"
  "version" "0.13.11"

"remove-accents@0.4.2":
  "integrity" "sha512-7pXIJqJOq5tFgG1A2Zxti3Ht8jJF337m4sowbuHsW30ZnkQFnDzy9qBNhgzX8ZLW4+UBcXiiR7SwR6pokHsxiA=="
  "resolved" "https://registry.npmjs.org/remove-accents/-/remove-accents-0.4.2.tgz"
  "version" "0.4.2"

"resolve@^1.1.7", "resolve@^1.22.1":
  "integrity" "sha512-nBpuuYuY5jFsli/JIs1oldw6fOQCBioohqWZg/2hiaOybXOft4lonv85uDOKXdf8rhyK159cxU5cDcK/NKk8zw=="
  "resolved" "https://registry.npmjs.org/resolve/-/resolve-1.22.1.tgz"
  "version" "1.22.1"
  dependencies:
    "is-core-module" "^2.9.0"
    "path-parse" "^1.0.7"
    "supports-preserve-symlinks-flag" "^1.0.0"

"reusify@^1.0.4":
  "integrity" "sha512-U9nH88a3fc/ekCF1l0/UP1IosiuIjyTh7hBvXVMHYgVcfGvt897Xguj2UOLDeI5BG2m7/uwyaLVT6fbtCwTyzw=="
  "resolved" "https://registry.npmjs.org/reusify/-/reusify-1.0.4.tgz"
  "version" "1.0.4"

"rimraf@3.0.2":
  "integrity" "sha512-JZkJMZkAGFFPP2YqXZXPbMlMBgsxzE8ILs4lMIX/2o0L9UBw9O/Y3o6wFw/i9YLapcUJWwqbi3kdxIPdC62TIA=="
  "resolved" "https://registry.npmjs.org/rimraf/-/rimraf-3.0.2.tgz"
  "version" "3.0.2"
  dependencies:
    "glob" "^7.1.3"

"rollup@^3.18.0":
  "integrity" "sha512-3zwkBQl7Ai7MFYQE0y1MeQ15+9jsi7XxfrqwTb/9EK8D9C9+//EBR4M+CuA1KODRaNbFez/lWxA5vhEGZp4MUg=="
  "resolved" "https://registry.npmjs.org/rollup/-/rollup-3.20.2.tgz"
  "version" "3.20.2"
  optionalDependencies:
    "fsevents" "~2.3.2"

"run-parallel@^1.1.9":
  "integrity" "sha512-5l4VyZR86LZ/lDxZTR6jqL8AFE2S0IFLMP26AbjsLVADxHdhB/c0GUsH+y39UfCi3dzz8OlQuPmnaJOMoDHQBA=="
  "resolved" "https://registry.npmjs.org/run-parallel/-/run-parallel-1.2.0.tgz"
  "version" "1.2.0"
  dependencies:
    "queue-microtask" "^1.2.2"

"scheduler@^0.23.0":
  "integrity" "sha512-CtuThmgHNg7zIZWAXi3AsyIzA3n4xx7aNyjwC2VJldO2LMVDhFK+63xGqq6CsJH4rTAt6/M+N4GhZiDYPx9eUw=="
  "resolved" "https://registry.npmjs.org/scheduler/-/scheduler-0.23.0.tgz"
  "version" "0.23.0"
  dependencies:
    "loose-envify" "^1.1.0"

"side-channel@^1.0.4":
  "integrity" "sha512-q5XPytqFEIKHkGdiMIrY10mvLRvnQh42/+GoBlFW3b2LXLE2xxJpZFdm94we0BaoV3RwJyGqg5wS7epxTv0Zvw=="
  "resolved" "https://registry.npmjs.org/side-channel/-/side-channel-1.0.4.tgz"
  "version" "1.0.4"
  dependencies:
    "call-bind" "^1.0.0"
    "get-intrinsic" "^1.0.2"
    "object-inspect" "^1.9.0"

"source-map-js@^1.0.2":
  "integrity" "sha512-R0XvVJ9WusLiqTCEiGCmICCMplcCkIwwR11mOSD9CR5u+IXYdiseeEuXCVAjS54zqwkLcPNnmU4OeJ6tUrWhDw=="
  "resolved" "https://registry.npmjs.org/source-map-js/-/source-map-js-1.0.2.tgz"
  "version" "1.0.2"

"sucrase@^3.29.0":
  "integrity" "sha512-6QsHnkqyVEzYcaiHsOKkzOtOgdJcb8i54x6AV2hDwyZcY9ZyykGZVw6L/YN98xC0evwTP6utsWWrKRaa8QlfEQ=="
  "resolved" "https://registry.npmjs.org/sucrase/-/sucrase-3.31.0.tgz"
  "version" "3.31.0"
  dependencies:
    "commander" "^4.0.0"
    "glob" "7.1.6"
    "lines-and-columns" "^1.1.6"
    "mz" "^2.7.0"
    "pirates" "^4.0.1"
    "ts-interface-checker" "^0.1.9"

"supports-preserve-symlinks-flag@^1.0.0":
  "integrity" "sha512-ot0WnXS9fgdkgIcePe6RHNk1WA8+muPa6cSjeR3V8K27q9BB1rTE3R1p7Hv0z1ZyAc8s6Vvv8DIyWf681MAt0w=="
  "resolved" "https://registry.npmjs.org/supports-preserve-symlinks-flag/-/supports-preserve-symlinks-flag-1.0.0.tgz"
  "version" "1.0.0"

"tailwindcss@^3.2.1", "tailwindcss@>=3.0.0 || >= 3.0.0-alpha.1":
  "integrity" "sha512-Vkiouc41d4CEq0ujXl6oiGFQ7bA3WEhUZdTgXAhtKxSy49OmKs8rEfQmupsfF0IGW8fv2iQkp1EVUuapCFrZ9g=="
  "resolved" "https://registry.npmjs.org/tailwindcss/-/tailwindcss-3.3.1.tgz"
  "version" "3.3.1"
  dependencies:
    "arg" "^5.0.2"
    "chokidar" "^3.5.3"
    "color-name" "^1.1.4"
    "didyoumean" "^1.2.2"
    "dlv" "^1.1.3"
    "fast-glob" "^3.2.12"
    "glob-parent" "^6.0.2"
    "is-glob" "^4.0.3"
    "jiti" "^1.17.2"
    "lilconfig" "^2.0.6"
    "micromatch" "^4.0.5"
    "normalize-path" "^3.0.0"
    "object-hash" "^3.0.0"
    "picocolors" "^1.0.0"
    "postcss" "^8.0.9"
    "postcss-import" "^14.1.0"
    "postcss-js" "^4.0.0"
    "postcss-load-config" "^3.1.4"
    "postcss-nested" "6.0.0"
    "postcss-selector-parser" "^6.0.11"
    "postcss-value-parser" "^4.2.0"
    "quick-lru" "^5.1.1"
    "resolve" "^1.22.1"
    "sucrase" "^3.29.0"

"thenify-all@^1.0.0":
  "integrity" "sha512-RNxQH/qI8/t3thXJDwcstUO4zeqo64+Uy/+sNVRBx4Xn2OX+OZ9oP+iJnNFqplFra2ZUVeKCSa2oVWi3T4uVmA=="
  "resolved" "https://registry.npmjs.org/thenify-all/-/thenify-all-1.6.0.tgz"
  "version" "1.6.0"
  dependencies:
    "thenify" ">= 3.1.0 < 4"

"thenify@>= 3.1.0 < 4":
  "integrity" "sha512-RVZSIV5IG10Hk3enotrhvz0T9em6cyHBLkH/YAZuKqd8hRkKhSfCGIcP2KUY0EPxndzANBmNllzWPwak+bheSw=="
  "resolved" "https://registry.npmjs.org/thenify/-/thenify-3.3.1.tgz"
  "version" "3.3.1"
  dependencies:
    "any-promise" "^1.0.0"

"tiny-case@^1.0.3":
  "integrity" "sha512-Eet/eeMhkO6TX8mnUteS9zgPbUMQa4I6Kkp5ORiBD5476/m+PIRiumP5tmh5ioJpH7k51Kehawy2UDfsnxxY8Q=="
  "resolved" "https://registry.npmjs.org/tiny-case/-/tiny-case-1.0.3.tgz"
  "version" "1.0.3"

"tiny-warning@^1.0.2":
  "integrity" "sha512-lBN9zLN/oAf68o3zNXYrdCt1kP8WsiGW8Oo2ka41b2IM5JL/S1CTyX1rW0mb/zSuJun0ZUrDxx4sqvYS2FWzPA=="
  "resolved" "https://registry.npmjs.org/tiny-warning/-/tiny-warning-1.0.3.tgz"
  "version" "1.0.3"

"to-regex-range@^5.0.1":
  "integrity" "sha512-65P7iz6X5yEr1cwcgvQxbbIw7Uk3gOy5dIdtZ4rDveLqhrdJP+Li/Hx6tyK0NEb+2GCyneCMJiGqrADCSNk8sQ=="
  "resolved" "https://registry.npmjs.org/to-regex-range/-/to-regex-range-5.0.1.tgz"
  "version" "5.0.1"
  dependencies:
    "is-number" "^7.0.0"

"toposort@^2.0.2":
  "integrity" "sha512-0a5EOkAUp8D4moMi2W8ZF8jcga7BgZd91O/yabJCFY8az+XSzeGyTKs0Aoo897iV1Nj6guFq8orWDS96z91oGg=="
  "resolved" "https://registry.npmjs.org/toposort/-/toposort-2.0.2.tgz"
  "version" "2.0.2"

"ts-interface-checker@^0.1.9":
  "integrity" "sha512-Y/arvbn+rrz3JCKl9C4kVNfTfSm2/mEp5FSz5EsZSANGPSlQrpRI5M4PKF+mJnE52jOO90PnPSc3Ur3bTQw0gA=="
  "resolved" "https://registry.npmjs.org/ts-interface-checker/-/ts-interface-checker-0.1.13.tgz"
  "version" "0.1.13"

"tslib@^1.10.0":
  "integrity" "sha512-Xni35NKzjgMrwevysHTCArtLDpPvye8zV/0E4EyYn43P7/7qvQwPh9BGkHewbMulVntbigmcT7rdX3BNo9wRJg=="
  "resolved" "https://registry.npmjs.org/tslib/-/tslib-1.14.1.tgz"
  "version" "1.14.1"

"tslib@^2.4.0":
  "integrity" "sha512-336iVw3rtn2BUK7ORdIAHTyxHGRIHVReokCR3XjbckJMK7ms8FysBfhLR8IXnAgy7T0PTPNBWKiH514FOW/WSg=="
  "resolved" "https://registry.npmjs.org/tslib/-/tslib-2.5.0.tgz"
  "version" "2.5.0"

"type-fest@^2.19.0":
  "integrity" "sha512-RAH822pAdBgcNMAfWnCBU3CFZcfZ/i1eZjwFU/dsLKumyuuP3niueg2UAukXYF0E2AAoc82ZSSf9J0WQBinzHA=="
  "resolved" "https://registry.npmjs.org/type-fest/-/type-fest-2.19.0.tgz"
  "version" "2.19.0"

"typescript@^5.0.3":
  "integrity" "sha512-xv8mOEDnigb/tN9PSMTwSEqAnUvkoXMQlicOb0IUVDBSQCgBSaAAROUZYy2IcUy5qU6XajK5jjjO7TMWqBTKZA=="
  "resolved" "https://registry.npmjs.org/typescript/-/typescript-5.0.3.tgz"
  "version" "5.0.3"

"unload@2.2.0":
  "integrity" "sha512-B60uB5TNBLtN6/LsgAf3udH9saB5p7gqJwcFfbOEZ8BcBHnGwCf6G/TGiEqkRAxX7zAFIUtzdrXQSdL3Q/wqNA=="
  "resolved" "https://registry.npmjs.org/unload/-/unload-2.2.0.tgz"
  "version" "2.2.0"
  dependencies:
    "@babel/runtime" "^7.6.2"
    "detect-node" "^2.0.4"

"update-browserslist-db@^1.0.10":
  "integrity" "sha512-OztqDenkfFkbSG+tRxBeAnCVPckDBcvibKd35yDONx6OU8N7sqgwc7rCbkJ/WcYtVRZ4ba68d6byhC21GFh7sQ=="
  "resolved" "https://registry.npmjs.org/update-browserslist-db/-/update-browserslist-db-1.0.10.tgz"
  "version" "1.0.10"
  dependencies:
    "escalade" "^3.1.1"
    "picocolors" "^1.0.0"

"util-deprecate@^1.0.2":
  "integrity" "sha512-EPD5q1uXyFxJpCrLnCc1nHnq3gOa6DZBocAIiI2TaSCA7VCJ1UJDMagCzIkXNsUYfD1daK//LTEQ8xiIbrHtcw=="
  "resolved" "https://registry.npmjs.org/util-deprecate/-/util-deprecate-1.0.2.tgz"
  "version" "1.0.2"

"vite-plugin-full-reload@^1.0.5":
  "integrity" "sha512-kVZFDFWr0DxiHn6MuDVTQf7gnWIdETGlZh0hvTiMXzRN80vgF4PKbONSq8U1d0WtHsKaFODTQgJeakLacoPZEQ=="
  "resolved" "https://registry.npmjs.org/vite-plugin-full-reload/-/vite-plugin-full-reload-1.0.5.tgz"
  "version" "1.0.5"
  dependencies:
    "picocolors" "^1.0.0"
    "picomatch" "^2.3.1"

"vite@^2 || ^3 || ^4", "vite@^3.0.0 || ^4.0.0", "vite@^4", "vite@^4.2.1":
  "integrity" "sha512-7MKhqdy0ISo4wnvwtqZkjke6XN4taqQ2TBaTccLIpOKv7Vp2h4Y+NpmWCnGDeSvvn45KxvWgGyb0MkHvY1vgbg=="
  "resolved" "https://registry.npmjs.org/vite/-/vite-4.2.1.tgz"
  "version" "4.2.1"
  dependencies:
    "esbuild" "^0.17.5"
    "postcss" "^8.4.21"
    "resolve" "^1.22.1"
    "rollup" "^3.18.0"
  optionalDependencies:
    "fsevents" "~2.3.2"

"wrappy@1":
  "integrity" "sha512-l4Sp/DRseor9wL6EvV2+TuQn63dMkPjZ/sp9XkghTEbV9KlPS1xUsZ3u7/IQO4wxtcFB4bgpQPRcR3QCvezPcQ=="
  "resolved" "https://registry.npmjs.org/wrappy/-/wrappy-1.0.2.tgz"
  "version" "1.0.2"

"yaml@^1.10.2":
  "integrity" "sha512-r3vXyErRCYJ7wg28yvBY5VSoAF8ZvlcW9/BwUzEtUsjvX/DKs24dIkuwjtuprwJJHsbyUbLApepYTR1BN4uHrg=="
  "resolved" "https://registry.npmjs.org/yaml/-/yaml-1.10.2.tgz"
  "version" "1.10.2"

"yup@^1.1.0":
  "integrity" "sha512-CtpEHWiIMwWJBJ+zX8xWImXXdvJ10X/sKkYYTXfVocHj087e9zhP0GNkU7HlXBBI4T9BtHQxs8n2jLzmo/X8Yg=="
  "resolved" "https://registry.npmjs.org/yup/-/yup-1.1.0.tgz"
  "version" "1.1.0"
  dependencies:
    "property-expr" "^2.0.5"
    "tiny-case" "^1.0.3"
    "toposort" "^2.0.2"
    "type-fest" "^2.19.0"
